version = 1
revision = 3
requires-python = ">=3.14"

[[package]]
name = "buildgpt"
version = "0.1.0"
source = { editable = "." }
dependencies = [
    { name = "torch" },
    { name = "triton" },
]

[package.metadata]
requires-dist = [
    { name = "torch", specifier = ">=2.14.0" },
    { name = "triton", specifier = ">=3.8.0" },
]

[[package]]
name = "dpcpp-cpp-rt"
version = "2026.1.0"
source = { registry = "https://download.pytorch.org/whl/xpu" }
dependencies = [
    { name = "intel-opencl-rt" },
    { name = "intel-openmp" },
    { name = "intel-sycl-rt" },
]
wheels = [
    { url = "https://files.pythonhosted.org/packages/7e/98/20fffd109174139f7dc5a3413ffca0d71e0ea0837b5d7b62b634aa44ad3d/dpcpp_cpp_rt-2026.1.0-py2.py3-none-manylinux_2_28_x86_64.whl", hash = "sha256:9e7058dedf18c9cc8e5baff596dc6cf0c532807f3a5934b60e95be2f69ee4014" },
    { url = "https://files.pythonhosted.org/packages/2a/30/0cabcb462472ec50bdb4f3feaa312640a7831d97df73bf789d9eff507eca/dpcpp_cpp_rt-2026.1.0-py2.py3-none-win_amd64.whl", hash = "sha256:77f8b791cb400f0da6d59cd1e56b25b12ea643edf059d5d1f0cb25bc39489b16" },
]

[[package]]
name = "filelock"
version = "3.32.3"
source = { registry = "https://download.pytorch.org/whl/xpu" }
sdist = { url = "https://files.pythonhosted.org/packages/7d/64/a02e6765de08964ed371eca577870593245afc9dfac16d037de7c10d18e6/filelock-3.32.3.tar.gz", hash = "sha256:0ffa185a3540854c95caa7fa76b76cb219d907415e2c5dc9af25fd970563487f" }
wheels = [
    { url = "https://files.pythonhosted.org/packages/a7/8e/50f46a9c0ce8d2861a394c1347caae037ea0431d2f67d7feb151cbc4649a/filelock-3.32.3-py3-none-any.whl", hash = "sha256:7f0ca4bcc0e181c60dbbd8aa9ab5b120ebb99e4e064e83636340056f833a1f09" },
]

[[package]]
name = "fsspec"
version = "2026.7.0"
source = { registry = "https://download.pytorch.org/whl/xpu" }
sdist = { url = "https://files.pythonhosted.org/packages/00/78/f34251dadb8f3921264a1d9b8946f5e542014ee2614b285261b4e40e6775/fsspec-2026.7.0.tar.gz", hash = "sha256:c803c40f4cf860b49dea58ee3e1c33cb9c790520e233537e1340049f89b82a88" }
wheels = [
    { url = "https://files.pythonhosted.org/packages/fd/3c/6a2bf344106328fd04963664a60b9bb6496fc25df8e962fcdc1367285fb9/fsspec-2026.7.0-py3-none-any.whl", hash = "sha256:b57ddbafedfaef7018c1ecab32aa200a9d7ca26b77965f64e48b70061249d279" },
]

[[package]]
name = "impi-rt"
version = "2021.18.1"
source = { registry = "https://download.pytorch.org/whl/xpu" }
wheels = [
    { url = "https://files.pythonhosted.org/packages/0e/88/a4f4392dcf96a33e53348584f0935f800292e96d093da298fcb8088ae9dd/impi_rt-2021.18.1-py2.py3-none-manylinux_2_28_x86_64.whl", hash = "sha256:51ca89c1e64e60d86a7d40a7d6124312ba63aafc03fb6aacc140b3c66371d814" },
]

[[package]]
name = "intel-cmplr-lib-rt"
version = "2026.1.0"
source = { registry = "https://download.pytorch.org/whl/xpu" }
wheels = [
    { url = "https://files.pythonhosted.org/packages/5b/f4/c59236000ce3a470bfcae4053ad96e97c3c9febf2b38e5487046b7f4505f/intel_cmplr_lib_rt-2026.1.0-py2.py3-none-manylinux_2_28_x86_64.whl", hash = "sha256:8e002aaf89741de3b424bdad51ce60ead21cc8f4dee970fccba88ee3c845692d" },
    { url = "https://files.pythonhosted.org/packages/e8/a5/f5a2b1bcf943067ee1e073b5f478d719f662b78d19ec436b357cc82a7116/intel_cmplr_lib_rt-2026.1.0-py2.py3-none-win_amd64.whl", hash = "sha256:04c05fc09a32b11e15f1ca6ee0910ac9811e221de33170feb58d45542a8da533" },
]

[[package]]
name = "intel-cmplr-lib-ur"
version = "2026.1.0"
source = { registry = "https://download.pytorch.org/whl/xpu" }
dependencies = [
    { name = "umf" },
]
wheels = [
    { url = "https://files.pythonhosted.org/packages/8e/06/da0fcd62ee4672489ede80f322eec61b48a38695b0a5072d6d1075b37197/intel_cmplr_lib_ur-2026.1.0-py2.py3-none-manylinux_2_28_x86_64.whl", hash = "sha256:74b64ace8277b031aa36328dc8f87f7f959a6ca4da5b68c69923d37283e01664" },
    { url = "https://files.pythonhosted.org/packages/c3/74/6f8bed53ec47a1159f3cd92de0ee4cbeb1eabb6d29accf97c5dc3983a9bb/intel_cmplr_lib_ur-2026.1.0-py2.py3-none-win_amd64.whl", hash = "sha256:538e1135ee1801fb19fa1a580838a1f666f05534d35350d82736d959373d3b15" },
]

[[package]]
name = "intel-cmplr-lic-rt"
version = "2026.1.0"
source = { registry = "https://download.pytorch.org/whl/xpu" }
wheels = [
    { url = "https://files.pythonhosted.org/packages/2a/9c/cfdfb3429b32fbd2bed7a9bcce2989efa329ca1b87b70e03bc9170650512/intel_cmplr_lic_rt-2026.1.0-py2.py3-none-manylinux_2_28_x86_64.whl", hash = "sha256:ec9f7c495bda8f5d260442056808ee75cf4c1a145910ce999e0e8964d78ce1ba" },
    { url = "https://files.pythonhosted.org/packages/49/b2/02def0f52f055cb449631c43fc13761f8e11549dbb732dfe0586c7cf9bc5/intel_cmplr_lic_rt-2026.1.0-py2.py3-none-win_amd64.whl", hash = "sha256:19e568a1b37e5080140c2694f990505948b7c0cf08d4090beab70702b76c6a50" },
]

[[package]]
name = "intel-opencl-rt"
version = "2026.1.0"
source = { registry = "https://download.pytorch.org/whl/xpu" }
dependencies = [
    { name = "intel-cmplr-lic-rt" },
    { name = "tbb" },
]
wheels = [
    { url = "https://files.pythonhosted.org/packages/24/ac/08bb51b090cc1dc3ab24567901610b33d5495c76194e6714e26a2c66390a/intel_opencl_rt-2026.1.0-py2.py3-none-manylinux_2_28_x86_64.whl", hash = "sha256:b2891b6a6f347f21d2a9f0e872fb97e1aef407b4c34714516994dd884ea5e19e" },
    { url = "https://files.pythonhosted.org/packages/b4/8f/574738fd8f384c635f50a3f78e5f47763020486960ac83564a954b82bec7/intel_opencl_rt-2026.1.0-py2.py3-none-win_amd64.whl", hash = "sha256:0967dc144f9cdf3aaa0fc722b92a54119cff9867f0b07e8dee8b8c0a88f05e44" },
]

[[package]]
name = "intel-openmp"
version = "2026.1.0"
source = { registry = "https://download.pytorch.org/whl/xpu" }
dependencies = [
    { name = "intel-cmplr-lib-ur" },
]
wheels = [
    { url = "https://files.pythonhosted.org/packages/72/23/60aeb428e6b1fb34fb81d4970d91ff8b5deeeeb446e1628bd78f9e3d1f8b/intel_openmp-2026.1.0-py2.py3-none-manylinux_2_28_x86_64.whl", hash = "sha256:e6887f701b7d2323ed147008893b9af22e511aaa97e0fc9c37eb8be24a5366b0" },
    { url = "https://files.pythonhosted.org/packages/6e/cc/b4cb4ed4a1cca9dcc63cec93f7813ef3840f37d8bd30c06b8013948edc00/intel_openmp-2026.1.0-py2.py3-none-win_amd64.whl", hash = "sha256:8f9f86d93da9d549eec7bae26d65d6188ed748792ce655b5cdbc2e1a15cb7206" },
]

[[package]]
name = "intel-pti"
version = "1.0.1"
source = { registry = "https://download.pytorch.org/whl/xpu" }
wheels = [
    { url = "https://files.pythonhosted.org/packages/46/d4/48737239235707852fef380005f53405740b08dc5f3700c72e5b43946452/intel_pti-1.0.1-py2.py3-none-manylinux_2_28_x86_64.whl", hash = "sha256:4e7ad9e955d2dad8e41cd95d22e8ab1e476bae2e6e351f0e8b4653fe77ab2e0c" },
    { url = "https://files.pythonhosted.org/packages/3a/29/9c8bcb52a74c7eece746770b74dd978e3f3dec70748185ad35572065f85e/intel_pti-1.0.1-py2.py3-none-win_amd64.whl", hash = "sha256:db45adc0a555cd22864f4cfd418ef81cf07a02c78627e6a3cb6387920b352278" },
]

[[package]]
name = "intel-sycl-rt"
version = "2026.1.0"
source = { registry = "https://download.pytorch.org/whl/xpu" }
dependencies = [
    { name = "intel-cmplr-lib-rt" },
    { name = "intel-cmplr-lib-ur" },
    { name = "intel-cmplr-lic-rt" },
]
wheels = [
    { url = "https://files.pythonhosted.org/packages/5b/9d/b183c4bdc59921b0e15006fb301b278d998abd5dc803051478de32da3476/intel_sycl_rt-2026.1.0-py2.py3-none-manylinux_2_28_x86_64.whl", hash = "sha256:c8f4ae787c334d6a48b66514b2ac29c7bb4aedde2939c8ba61e7370ca748fce6" },
    { url = "https://files.pythonhosted.org/packages/c8/0a/e39270bde66bedc4aa68fb0f9cd23f7e251d007cf1a6552441475b4cc890/intel_sycl_rt-2026.1.0-py2.py3-none-win_amd64.whl", hash = "sha256:307d7022583d929e3091eadcea15fd3440fb68c35cd20094f2bf8597f936bfd9" },
]

[[package]]
name = "jinja2"
version = "3.1.6"
source = { registry = "https://download.pytorch.org/whl/xpu" }
dependencies = [
    { name = "markupsafe" },
]
wheels = [
    { url = "https://download.pytorch.org/whl/jinja2-3.1.6-py3-none-any.whl", upload-time = "2025-10-14T18:38:59Z" },
]

[[package]]
name = "markupsafe"
version = "3.0.3"
source = { registry = "https://download.pytorch.org/whl/xpu" }
wheels = [
    { url = "https://download.pytorch.org/whl/markupsafe-3.0.3-cp314-cp314-macosx_11_0_arm64.whl", upload-time = "2026-02-23T16:46:37Z" },
    { url = "https://download.pytorch.org/whl/markupsafe-3.0.3-cp314-cp314-manylinux2014_aarch64.manylinux_2_17_aarch64.manylinux_2_28_aarch64.whl", upload-time = "2026-02-23T16:46:37Z" },
    { url = "https://download.pytorch.org/whl/markupsafe-3.0.3-cp314-cp314-manylinux2014_x86_64.manylinux_2_17_x86_64.manylinux_2_28_x86_64.whl", upload-time = "2026-02-23T16:46:37Z" },
    { url = "https://download.pytorch.org/whl/markupsafe-3.0.3-cp314-cp314-win_amd64.whl", upload-time = "2026-02-23T16:46:37Z" },
    { url = "https://download.pytorch.org/whl/markupsafe-3.0.3-cp314-cp314t-macosx_11_0_arm64.whl", upload-time = "2026-02-23T16:46:39Z" },
    { url = "https://download.pytorch.org/whl/markupsafe-3.0.3-cp314-cp314t-manylinux2014_aarch64.manylinux_2_17_aarch64.manylinux_2_28_aarch64.whl", upload-time = "2026-02-23T16:46:41Z" },
    { url = "https://download.pytorch.org/whl/markupsafe-3.0.3-cp314-cp314t-manylinux2014_x86_64.manylinux_2_17_x86_64.manylinux_2_28_x86_64.whl", upload-time = "2026-02-23T16:46:41Z" },
    { url = "https://download.pytorch.org/whl/markupsafe-3.0.3-cp314-cp314t-win_amd64.whl", upload-time = "2026-02-23T16:46:41Z" },
]

[[package]]
name = "mkl"
version = "2026.1.0"
source = { registry = "https://download.pytorch.org/whl/xpu" }
dependencies = [
    { name = "intel-openmp" },
    { name = "onemkl-license" },
    { name = "tbb" },
]
wheels = [
    { url = "https://files.pythonhosted.org/packages/61/da/4921e17b1f455f7fed30d5cc0964f3289eee6a6cb03cdf7d5e20c14bd025/mkl-2026.1.0-py2.py3-none-manylinux_2_28_x86_64.whl", hash = "sha256:4d5a26449818a8aebd4b2aaf6b291831e691f9cf74b152df49b99cf48bbd5360" },
    { url = "https://files.pythonhosted.org/packages/d6/bd/e35bd5477278c91b0f5d4733b13009d183c284d636d68c649204858c207a/mkl-2026.1.0-py2.py3-none-win_amd64.whl", hash = "sha256:8194a8270d70622eff00eec84c793efc382b14848b98c3ace6bacdda42170a80" },
]

[[package]]
name = "mpmath"
version = "1.3.0"
source = { registry = "https://download.pytorch.org/whl/xpu" }
sdist = { url = "https://files.pythonhosted.org/packages/e0/47/dd32fa426cc72114383ac549964eecb20ecfd886d1e5ccf5340b55b02f57/mpmath-1.3.0.tar.gz", hash = "sha256:7a28eb2a9774d00c7bc92411c19a89209d5da7c4c9a9e227be8330a23a25b91f" }
wheels = [
    { url = "https://files.pythonhosted.org/packages/43/e3/7d92a15f894aa0c9c4b49b8ee9ac9850d6e63b03c9c32c0367a13ae62209/mpmath-1.3.0-py3-none-any.whl", hash = "sha256:a0b2b9fe80bbcd81a6647ff13108738cfb482d481d826cc0e02f5b35e5c88d2c" },
]

[[package]]
name = "networkx"
version = "3.6.1"
source = { registry = "https://download.pytorch.org/whl/xpu" }
sdist = { url = "https://files.pythonhosted.org/packages/6a/51/63fe664f3908c97be9d2e4f1158eb633317598cfa6e1fc14af5383f17512/networkx-3.6.1.tar.gz", hash = "sha256:26b7c357accc0c8cde558ad486283728b65b6a95d85ee1cd66bafab4c8168509" }
wheels = [
    { url = "https://files.pythonhosted.org/packages/9e/c9/b2622292ea83fbb4ec318f5b9ab867d0a28ab43c5717bb85b0a5f6b3b0a4/networkx-3.6.1-py3-none-any.whl", hash = "sha256:d47fbf302e7d9cbbb9e2555a0d267983d2aa476bac30e90dfbe5669bd57f3762" },
]

[[package]]
name = "oneccl"
version = "2022.1.1"
source = { registry = "https://download.pytorch.org/whl/xpu" }
dependencies = [
    { name = "impi-rt" },
    { name = "intel-sycl-rt" },
]
wheels = [
    { url = "https://files.pythonhosted.org/packages/1c/c0/54bf02d28010584627de21af467ee34026e231528e5141069080805076d4/oneccl-2022.1.1-py2.py3-none-manylinux_2_28_x86_64.whl", hash = "sha256:e877ad3720e8d6dd45d71cf05dd9d65e66f5a38c0900089f1542569e43512e78" },
]

[[package]]
name = "oneccl-devel"
version = "2022.1.1"
source = { registry = "https://download.pytorch.org/whl/xpu" }
dependencies = [
    { name = "oneccl" },
]
wheels = [
    { url = "https://files.pythonhosted.org/packages/d5/c1/a62b38dec8add789fae282fcdaaebbb1bf55db32922fcd2fb42f8523cdc1/oneccl_devel-2022.1.1-py2.py3-none-manylinux_2_28_x86_64.whl", hash = "sha256:a088ba67a3610bdb621b82335953ceb4bda65b81146a306a1bb3c64e47d47735" },
]

[[package]]
name = "onemkl-license"
version = "2026.1.0"
source = { registry = "https://download.pytorch.org/whl/xpu" }
wheels = [
    { url = "https://files.pythonhosted.org/packages/e3/ef/8437c187319e779a76f4dbb468a1863d729297d79a1b5f44b10a58c96ec2/onemkl_license-2026.1.0-py2.py3-none-manylinux_2_28_x86_64.whl", hash = "sha256:39fd829648af92c9e03c22ba228f07174d829aaa2fe3c5f6cd7073b8eb8a9805" },
    { url = "https://files.pythonhosted.org/packages/66/0d/82581d2048b5a01f3145fa48cc9c461f34443499420dcdaa6ecbb444ce4d/onemkl_license-2026.1.0-py2.py3-none-win_amd64.whl", hash = "sha256:425b599af279e6bc03e27319d75aa156ca7dd8645dbcd0c324ef894d3fae6be3" },
]

[[package]]
name = "onemkl-sycl-blas"
version = "2026.1.0"
source = { registry = "https://download.pytorch.org/whl/xpu" }
dependencies = [
    { name = "dpcpp-cpp-rt" },
    { name = "intel-opencl-rt" },
    { name = "mkl" },
]
wheels = [
    { url = "https://files.pythonhosted.org/packages/d6/c5/94ce322721013c42578398846e57da4273d1f8e48ab1e49ad311a418d36e/onemkl_sycl_blas-2026.1.0-py2.py3-none-manylinux_2_28_x86_64.whl", hash = "sha256:229dd19462b4a588c156ea73bce29feaf0e96434d797a9bae38a89694fc46493" },
    { url = "https://files.pythonhosted.org/packages/6b/f9/c39f81e686db4be90cb79e14ca5298772c8584de8afb5518aa2dd75abb6d/onemkl_sycl_blas-2026.1.0-py2.py3-none-win_amd64.whl", hash = "sha256:c4478971431ac022a1b8268655bdb8cc49c877c93e8700e68e18c8271be42993" },
]

[[package]]
name = "onemkl-sycl-dft"
version = "2026.1.0"
source = { registry = "https://download.pytorch.org/whl/xpu" }
dependencies = [
    { name = "dpcpp-cpp-rt" },
    { name = "intel-opencl-rt" },
    { name = "mkl" },
]
wheels = [
    { url = "https://files.pythonhosted.org/packages/71/60/80d4fa8e4e100f290572cf99856e067195fb9d22a7f462b8e0993833c526/onemkl_sycl_dft-2026.1.0-py2.py3-none-manylinux_2_28_x86_64.whl", hash = "sha256:71bd34f8c25b6869a440a01eadd2743151601bf2d011b01c11206ec81f6de80b" },
    { url = "https://files.pythonhosted.org/packages/01/af/ea8b355642e61c0176d033f873917c707ff8fb7d8a66c51ef0c4ecd94cf9/onemkl_sycl_dft-2026.1.0-py2.py3-none-win_amd64.whl", hash = "sha256:f57ec87c2af23dbae00f94fd3941c2443beb5330c82eec8475d8c219b13e35bc" },
]

[[package]]
name = "onemkl-sycl-lapack"
version = "2026.1.0"
source = { registry = "https://download.pytorch.org/whl/xpu" }
dependencies = [
    { name = "dpcpp-cpp-rt" },
    { name = "intel-opencl-rt" },
    { name = "mkl" },
    { name = "onemkl-sycl-blas" },
]
wheels = [
    { url = "https://files.pythonhosted.org/packages/0c/ee/9058fe036b82bc742adb6280574502da2a8c70364a945829579fd3dd8084/onemkl_sycl_lapack-2026.1.0-py2.py3-none-manylinux_2_28_x86_64.whl", hash = "sha256:97ff3626f99463e50734a85034ed2ca765601b5c5d3b0560695da7aec0b4f629" },
    { url = "https://files.pythonhosted.org/packages/1f/d1/46baabeb2e855d840dfb10e92a86f8a47299ee64f9325f7635bc8265d7a9/onemkl_sycl_lapack-2026.1.0-py2.py3-none-win_amd64.whl", hash = "sha256:e25599ff5a23439d52021ed2f29bf0450a5bfd77495084694032d0bd8c4188ba" },
]

[[package]]
name = "onemkl-sycl-rng"
version = "2026.1.0"
source = { registry = "https://download.pytorch.org/whl/xpu" }
dependencies = [
    { name = "dpcpp-cpp-rt" },
    { name = "intel-opencl-rt" },
    { name = "mkl" },
]
wheels = [
    { url = "https://files.pythonhosted.org/packages/f0/3c/4ee5d31e04539d1acd0a1acd3ddf722db570ac8c381d5bc2a9a197e31ca7/onemkl_sycl_rng-2026.1.0-py2.py3-none-manylinux_2_28_x86_64.whl", hash = "sha256:6d24ee79da2d7fe38b99dfdf3c36e39f2dc796be0ab5c477a3e6d1c244ed5ccd" },
    { url = "https://files.pythonhosted.org/packages/26/b5/bbbb459df6cfba8d4f9f034ec21478eef820c7377e3de46e4ac954ca21f8/onemkl_sycl_rng-2026.1.0-py2.py3-none-win_amd64.whl", hash = "sha256:fb5f168c5032777fa65022272d77e2c67ada06c4d89459a2d08cd0b2ad56c041" },
]

[[package]]
name = "onemkl-sycl-sparse"
version = "2026.1.0"
source = { registry = "https://download.pytorch.org/whl/xpu" }
dependencies = [
    { name = "dpcpp-cpp-rt" },
    { name = "intel-opencl-rt" },
    { name = "mkl" },
    { name = "onemkl-sycl-blas" },
]
wheels = [
    { url = "https://files.pythonhosted.org/packages/83/af/416bc19b3488129975a9bd1dbdb8bbe9340a49a802c1e24db6728e233359/onemkl_sycl_sparse-2026.1.0-py2.py3-none-manylinux_2_28_x86_64.whl", hash = "sha256:50e6fe2cd901090d473fc572001cfa5c0d000719036745e3a4c95ea74b32f9cc" },
    { url = "https://files.pythonhosted.org/packages/10/f3/71110f3ab8566fd1e7e7fdf85ca01d0c75fcd18e0b1d705fcc7f470df752/onemkl_sycl_sparse-2026.1.0-py2.py3-none-win_amd64.whl", hash = "sha256:b8ded2ac3a693089fa42e600b22ccd8a84c67017d2e32faf5a17272b564a1eed" },
]

[[package]]
name = "pyelftools"
version = "0.32"
source = { registry = "https://download.pytorch.org/whl/xpu" }
sdist = { url = "https://files.pythonhosted.org/packages/b9/ab/33968940b2deb3d92f5b146bc6d4009a5f95d1d06c148ea2f9ee965071af/pyelftools-0.32.tar.gz", hash = "sha256:6de90ee7b8263e740c8715a925382d4099b354f29ac48ea40d840cf7aa14ace5" }
wheels = [
    { url = "https://files.pythonhosted.org/packages/af/43/700932c4f0638c3421177144a2e86448c0d75dbaee2c7936bda3f9fd0878/pyelftools-0.32-py3-none-any.whl", hash = "sha256:013df952a006db5e138b1edf6d8a68ecc50630adbd0d83a2d41e7f846163d738" },
]

[[package]]
name = "pyzes"
version = "0.1.2"
source = { registry = "https://download.pytorch.org/whl/xpu" }
sdist = { url = "https://files.pythonhosted.org/packages/f9/da/c40076150353b25d4b23ecf99486781feb54d55059f272d4ea1efe4cc8a7/pyzes-0.1.2.tar.gz", hash = "sha256:21667f0a23b15fcf81c1267dbc86f5a9b0d5118297cae645e4ab31c50e9e7d6b" }
wheels = [
    { url = "https://files.pythonhosted.org/packages/74/46/90e1741b3926e3b8590dfaa819439891865568fc5c90a0f5596b76ee6bff/pyzes-0.1.2-py3-none-any.whl", hash = "sha256:5638684399049940414071afafff91ee87f18807457b3cb0d31cd5d5a0b7db23" },
]

[[package]]
name = "setuptools"
version = "78.1.0"
source = { registry = "https://download.pytorch.org/whl/xpu" }
sdist = { url = "https://download.pytorch.org/whl/setuptools-78.1.0.tar.gz", upload-time = "2026-07-08T13:15:22Z" }
wheels = [
    { url = "https://download.pytorch.org/whl/setuptools-78.1.0-py3-none-any.whl", upload-time = "2026-07-08T13:15:22Z" },
]

[[package]]
name = "sympy"
version = "1.14.0"
source = { registry = "https://download.pytorch.org/whl/xpu" }
dependencies = [
    { name = "mpmath" },
]
sdist = { url = "https://files.pythonhosted.org/packages/83/d3/803453b36afefb7c2bb238361cd4ae6125a569b4db67cd9e79846ba2d68c/sympy-1.14.0.tar.gz", hash = "sha256:d3d3fe8df1e5a0b42f0e7bdf50541697dbe7d23746e894990c030e2b05e72517" }
wheels = [
    { url = "https://files.pythonhosted.org/packages/a2/09/77d55d46fd61b4a135c444fc97158ef34a095e5681d0a6c10b75bf356191/sympy-1.14.0-py3-none-any.whl", hash = "sha256:e091cc3e99d2141a0ba2847328f5479b05d94a6635cb96148ccb3f34671bd8f5" },
]

[[package]]
name = "tbb"
version = "2023.1.0"
source = { registry = "https://download.pytorch.org/whl/xpu" }
dependencies = [
    { name = "tcmlib" },
]
wheels = [
    { url = "https://files.pythonhosted.org/packages/25/0c/0266c71e3fa50a71db5ce8a1d0807863df3215c5f7b5fe7c98b257561138/tbb-2023.1.0-py2.py3-none-manylinux_2_28_x86_64.whl", hash = "sha256:64ad35241c736a595498f5343abec8eaaa203e9fe0dbdbf4b86d37c5a3ab1d9c" },
    { url = "https://files.pythonhosted.org/packages/ac/ff/168d3498762069b0cd2dff20ab34d53fa48a0a35ffd1965cf456c603f292/tbb-2023.1.0-py3-none-win_amd64.whl", hash = "sha256:27df1315202defc67a73800c667ba4fbd03cf8924f73949373d4a34d1443fca2" },
]

[[package]]
name = "tcmlib"
version = "1.5.0"
source = { registry = "https://download.pytorch.org/whl/xpu" }
wheels = [
    { url = "https://files.pythonhosted.org/packages/60/24/aa409bb20703acc70cf4d3bc620a55c789639c2995b2667fb44ae7236ec9/tcmlib-1.5.0-py2.py3-none-manylinux_2_28_x86_64.whl", hash = "sha256:9d7c01cff35aae9bf5390b620680ebdf10a7d211c22d6488a27a029502e7d0aa" },
    { url = "https://files.pythonhosted.org/packages/67/6d/9095c93326d0f8a5469ab22480d02795f24c08f1e7f383c73316ff106347/tcmlib-1.5.0-py2.py3-none-win_amd64.whl", hash = "sha256:f7b62787214083d490b39d7650f1e477eeacc875e7f86799feb9aa1fd34460d4" },
]

[[package]]
name = "torch"
version = "2.14.0+xpu"
source = { registry = "https://download.pytorch.org/whl/xpu" }
dependencies = [
    { name = "dpcpp-cpp-rt" },
    { name = "filelock" },
    { name = "fsspec" },
    { name = "impi-rt", marker = "platform_machine == 'x86_64' and sys_platform == 'linux'" },
    { name = "intel-cmplr-lib-rt" },
    { name = "intel-cmplr-lib-ur" },
    { name = "intel-cmplr-lic-rt" },
    { name = "intel-opencl-rt" },
    { name = "intel-openmp" },
    { name = "intel-pti" },
    { name = "intel-sycl-rt" },
    { name = "jinja2" },
    { name = "mkl" },
    { name = "networkx" },
    { name = "oneccl", marker = "platform_machine == 'x86_64' and sys_platform == 'linux'" },
    { name = "oneccl-devel", marker = "platform_machine == 'x86_64' and sys_platform == 'linux'" },
    { name = "onemkl-license" },
    { name = "onemkl-sycl-blas" },
    { name = "onemkl-sycl-dft" },
    { name = "onemkl-sycl-lapack" },
    { name = "onemkl-sycl-rng" },
    { name = "onemkl-sycl-sparse" },
    { name = "pyzes", marker = "platform_machine == 'x86_64' and sys_platform == 'linux'" },
    { name = "setuptools" },
    { name = "sympy" },
    { name = "tbb" },
    { name = "tcmlib" },
    { name = "triton-xpu", marker = "python_full_version < '3.15'" },
    { name = "typing-extensions" },
    { name = "umf" },
]
wheels = [
    { url = "https://download-r2.pytorch.org/whl/xpu/torch-2.14.0%2Bxpu-cp314-cp314-manylinux_2_28_x86_64.whl", hash = "sha256:c311660dcd102debd75711b4f5f7cce5ea4ba8b30a7be5c7839ee3b471af3c2d", upload-time = "2026-09-02T23:37:23Z" },
    { url = "https://download-r2.pytorch.org/whl/xpu/torch-2.14.0%2Bxpu-cp314-cp314-win_amd64.whl", hash = "sha256:e9e8d09da820604da85f8d24012f37266df0980546d012aa3420f5aa233d5511", upload-time = "2026-09-02T23:37:51Z" },
    { url = "https://download-r2.pytorch.org/whl/xpu/torch-2.14.0%2Bxpu-cp314-cp314t-manylinux_2_28_x86_64.whl", hash = "sha256:db64da94be8370424a6d3b161545e43f6b3811f455324b2a4602712bdc5e22b1", upload-time = "2026-09-02T23:38:20Z" },
    { url = "https://download-r2.pytorch.org/whl/xpu/torch-2.14.0%2Bxpu-cp314-cp314t-win_amd64.whl", hash = "sha256:f408cf4586843ccffe976112be848414b16561cda4ec31ea01926b5f8bb4aa33", upload-time = "2026-09-02T23:38:49Z" },
    { url = "https://download-r2.pytorch.org/whl/xpu/torch-2.14.0%2Bxpu-cp315-cp315-manylinux_2_28_x86_64.whl", hash = "sha256:678770efb6aaa51d5213dfd7147d81e08c8c73ce1bec95c9f2b190ff7f882675", upload-time = "2026-09-02T23:39:17Z" },
    { url = "https://download-r2.pytorch.org/whl/xpu/torch-2.14.0%2Bxpu-cp315-cp315-win_amd64.whl", hash = "sha256:777bfeaac53528a08a95dc9b497015416091568e9e37b5f40e88d867f7a71249", upload-time = "2026-09-02T23:39:45Z" },
    { url = "https://download-r2.pytorch.org/whl/xpu/torch-2.14.0%2Bxpu-cp315-cp315t-manylinux_2_28_x86_64.whl", hash = "sha256:6178b8cad88607d817513c3a0552506f855984ea6278c46b6c462070e3f834fd", upload-time = "2026-09-02T23:40:13Z" },
    { url = "https://download-r2.pytorch.org/whl/xpu/torch-2.14.0%2Bxpu-cp315-cp315t-win_amd64.whl", hash = "sha256:6ac53560d8c593de63e649ce18b8b4010b5de7372f657717bdd02cd5b84c857d", upload-time = "2026-09-02T23:40:41Z" },
]

[[package]]
name = "triton"
version = "3.8.0"
source = { registry = "https://download.pytorch.org/whl/xpu" }
wheels = [
    { url = "https://download-r2.pytorch.org/whl/triton-3.8.0-cp314-cp314-linux_aarch64.whl", hash = "sha256:f4da08a8da64fdebccfeed7a833e473cfb7c670f585a2fe1faf8d49beab3e1bd", upload-time = "2026-09-02T00:46:04Z" },
    { url = "https://download-r2.pytorch.org/whl/triton-3.8.0-cp314-cp314-manylinux_2_27_x86_64.manylinux_2_28_x86_64.whl", hash = "sha256:489efe56641e1bc5d3df3c9f3ba9bcc7bb8dee40691ae88ccf549388737951a2", upload-time = "2026-09-02T00:46:10Z" },
    { url = "https://download-r2.pytorch.org/whl/triton-3.8.0-cp314-cp314t-linux_aarch64.whl", hash = "sha256:2ec2140bcaa058ef161bf8a1522d980f10202c2f62d23f893c0be8290d20ac4f", upload-time = "2026-09-02T00:46:18Z" },
    { url = "https://download-r2.pytorch.org/whl/triton-3.8.0-cp314-cp314t-manylinux_2_27_x86_64.manylinux_2_28_x86_64.whl", hash = "sha256:aee2fb2acf63ecf929b068ed11b88a31fdac0d27008ff4b04ab65aa4cb514994", upload-time = "2026-09-02T00:46:25Z" },
    { url = "https://download-r2.pytorch.org/whl/triton-3.8.0-cp315-cp315-linux_aarch64.whl", hash = "sha256:36a5b33463ec87b9504793fe3f5e776cbad272cabf9ba517d06bae7e9a15d9b1", upload-time = "2026-09-02T00:46:31Z" },
    { url = "https://download-r2.pytorch.org/whl/triton-3.8.0-cp315-cp315-manylinux_2_27_x86_64.manylinux_2_28_x86_64.whl", hash = "sha256:c0ded038dd6920ece820be4d56183d8db8d818c39fb4a0916247665a164a7aad", upload-time = "2026-09-02T00:46:38Z" },
    { url = "https://download-r2.pytorch.org/whl/triton-3.8.0-cp315-cp315t-linux_aarch64.whl", hash = "sha256:6973b07d551b0fa2f6816d3cb30bffb85dc76c32987c2c5e3ed9e1e150a93cc9", upload-time = "2026-09-02T00:46:45Z" },
    { url = "https://download-r2.pytorch.org/whl/triton-3.8.0-cp315-cp315t-manylinux_2_27_x86_64.manylinux_2_28_x86_64.whl", hash = "sha256:3025e1fd8c2f8657837ec7bd09acb527044d25b03bcc0554ade5232527268e31", upload-time = "2026-09-02T00:46:52Z" },
]

[[package]]
name = "triton-xpu"
version = "3.8.0"
source = { registry = "https://download.pytorch.org/whl/xpu" }
dependencies = [
    { name = "pyelftools" },
]
wheels = [
    { url = "https://download-r2.pytorch.org/whl/triton_xpu-3.8.0-cp314-cp314-manylinux_2_27_x86_64.manylinux_2_28_x86_64.whl", hash = "sha256:afc5bbd137abffe8810f8b8b7dc654ff37497bb28bb293d3fea6a0e4f1fbab09", upload-time = "2026-09-02T01:11:25Z" },
    { url = "https://download-r2.pytorch.org/whl/triton_xpu-3.8.0-cp314-cp314-win_amd64.whl", hash = "sha256:75a1d076576610661f5eb5701f5e7ab82d74c5ddb75975efa78d7cf6db81d6d1", upload-time = "2026-09-02T01:11:36Z" },
    { url = "https://download-r2.pytorch.org/whl/triton_xpu-3.8.0-cp314-cp314t-manylinux_2_27_x86_64.manylinux_2_28_x86_64.whl", hash = "sha256:ef124d8a4bca148a4386e054bf1185e37184bc67c8b6bd4aa7af52049500c7e2", upload-time = "2026-09-02T01:11:47Z" },
    { url = "https://download-r2.pytorch.org/whl/triton_xpu-3.8.0-cp314-cp314t-win_amd64.whl", hash = "sha256:5d76e2d29ec4a5535664af7cd0ecf1758f19ee8b87b7424e0c41312355cfb337", upload-time = "2026-09-02T01:11:58Z" },
    { url = "https://download-r2.pytorch.org/whl/triton_xpu-3.8.0-cp315-cp315-manylinux_2_27_x86_64.manylinux_2_28_x86_64.whl", hash = "sha256:ae62d2425ad36aea135f9d9a9a331e3a5ada6ac2ca65f60e53fb450c5a883219", upload-time = "2026-09-02T01:12:09Z" },
    { url = "https://download-r2.pytorch.org/whl/triton_xpu-3.8.0-cp315-cp315-win_amd64.whl", hash = "sha256:cd15dffba8e3b434c2637794beb03323e8d4ed417eac3ded1605519a2afe7a08", upload-time = "2026-09-02T01:12:20Z" },
    { url = "https://download-r2.pytorch.org/whl/triton_xpu-3.8.0-cp315-cp315t-manylinux_2_27_x86_64.manylinux_2_28_x86_64.whl", hash = "sha256:138970b2e5b4723b990b8aac9d5228650f9066b1547cad1204b79fc063409797", upload-time = "2026-09-02T01:12:32Z" },
    { url = "https://download-r2.pytorch.org/whl/triton_xpu-3.8.0-cp315-cp315t-win_amd64.whl", hash = "sha256:83d16b713b3cf9583f82a3f3491a82cb2bc9a33b515ad89e186090f8711c507a", upload-time = "2026-09-02T01:12:44Z" },
]

[[package]]
name = "typing-extensions"
version = "4.16.0"
source = { registry = "https://download.pytorch.org/whl/xpu" }
sdist = { url = "https://files.pythonhosted.org/packages/f6/cc/6253133b5bb138fc3306cebfbda2c520f545d36b5be2c7255cc528bb45d6/typing_extensions-4.16.0.tar.gz", hash = "sha256:dc983d19a509c94dba722ee6abd33940f7c05a89e243c47e907eb4db6f1a43e5" }
wheels = [
    { url = "https://files.pythonhosted.org/packages/49/d3/b8441a820a491ddfc024b0b0cf0393375b75ea13866d9c66727e54c2fc80/typing_extensions-4.16.0-py3-none-any.whl", hash = "sha256:481caa481374e813c1b176ada14e97f1f67a4539ce9cfeb3f350d78d6370c2e8" },
]

[[package]]
name = "umf"
version = "1.1.0"
source = { registry = "https://download.pytorch.org/whl/xpu" }
dependencies = [
    { name = "tcmlib" },
]
wheels = [
    { url = "https://files.pythonhosted.org/packages/c4/72/2e0182f4e6a727a15d0a8a99a82182a4f5bdec1a4f5767acfd2abdc72070/umf-1.1.0-py2.py3-none-manylinux_2_28_x86_64.whl", hash = "sha256:567152c5ee6b8e16cc56b29a8a9a6b918de1febf89877f71ea2e8247ef39fc32" },
    { url = "https://files.pythonhosted.org/packages/2d/43/d89fee46bed22a461714a8786b833a89bff2f0a5e058b02eed3be842752e/umf-1.1.0-py2.py3-none-win_amd64.whl", hash = "sha256:a8c5ff84901fe6348715b6c1c85de4d195a6c69185d99ce4ebf7449b5d04011c" },
]
